<?xml version="1.0" encoding="utf-8"?>
<Project ToolsVersion="4.0" xmlns="http://schemas.microsoft.com/developer/msbuild/2003">
  <ItemGroup>
    <Filter Include="Source Files">
      <UniqueIdentifier>{4FC737F1-C7A5-4376-A066-2A32D752A2FF}</UniqueIdentifier>
      <Extensions>cpp;c;cc;cxx;def;odl;idl;hpj;bat;asm;asmx</Extensions>
    </Filter>
    <Filter Include="Header Files">
      <UniqueIdentifier>{93995380-89BD-4b04-88EB-625FBE52EBFB}</UniqueIdentifier>
      <Extensions>h;hh;hpp;hxx;hm;inl;inc;xsd</Extensions>
    </Filter>
    <Filter Include="Resource Files">
      <UniqueIdentifier>{67DA6AB6-F800-4c08-8B7A-83BB121AAD01}</UniqueIdentifier>
      <Extensions>rc;ico;cur;bmp;dlg;rc2;rct;bin;rgs;gif;jpg;jpeg;jpe;resx;tiff;tif;png;wav;mfcribbon-ms</Extensions>
    </Filter>
    <Filter Include="Shader Files">
      <UniqueIdentifier>{2ccd3ed1-71c4-4865-8cdd-f2d9175ca8e3}</UniqueIdentifier>
    </Filter>
    <Filter Include="Ric">
      <UniqueIdentifier>{5f51566c-e648-4a43-b71f-c56d73795be0}</UniqueIdentifier>
    </Filter>
  </ItemGroup>
  <ItemGroup>
    <ClCompile Include="Wijk_FlowVis.cpp">
      <Filter>Source Files</Filter>
    </ClCompile>
    <ClCompile Include="MyRayCasting.cpp">
      <Filter>Source Files</Filter>
    </ClCompile>
    <ClCompile Include="Shader.cpp">
      <Filter>Shader Files</Filter>
    </ClCompile>
    <ClCompile Include="MyString.cpp">
      <Filter>Source Files</Filter>
    </ClCompile>
    <ClCompile Include="MyTrackBall.cpp">
      <Filter>Source Files</Filter>
    </ClCompile>
    <ClCompile Include="MyGraphicsTool.cpp">
      <Filter>Source Files</Filter>
    </ClCompile>
    <ClCompile Include="Ric\nifti1_io.c">
      <Filter>Ric</Filter>
    </ClCompile>
    <ClCompile Include="Ric\NiftiOrientConvert.cpp">
      <Filter>Ric</Filter>
    </ClCompile>
    <ClCompile Include="Ric\RicUtil.cpp">
      <Filter>Ric</Filter>
    </ClCompile>
    <ClCompile Include="Ric\RicVolume.cpp">
      <Filter>Ric</Filter>
    </ClCompile>
    <ClCompile Include="Ric\RicVolumeSet.cpp">
      <Filter>Ric</Filter>
    </ClCompile>
    <ClCompile Include="Ric\znzlib.c">
      <Filter>Ric</Filter>
    </ClCompile>
    <ClCompile Include="Ric\adler32.c">
      <Filter>Ric</Filter>
    </ClCompile>
    <ClCompile Include="Ric\compress.c">
      <Filter>Ric</Filter>
    </ClCompile>
    <ClCompile Include="Ric\crc32.c">
      <Filter>Ric</Filter>
    </ClCompile>
    <ClCompile Include="Ric\deflate.c">
      <Filter>Ric</Filter>
    </ClCompile>
    <ClCompile Include="Ric\gzio.c">
      <Filter>Ric</Filter>
    </ClCompile>
    <ClCompile Include="Ric\infback.c">
      <Filter>Ric</Filter>
    </ClCompile>
    <ClCompile Include="Ric\inffast.c">
      <Filter>Ric</Filter>
    </ClCompile>
    <ClCompile Include="Ric\inflate.c">
      <Filter>Ric</Filter>
    </ClCompile>
    <ClCompile Include="Ric\inftrees.c">
      <Filter>Ric</Filter>
    </ClCompile>
    <ClCompile Include="Ric\trees.c">
      <Filter>Ric</Filter>
    </ClCompile>
    <ClCompile Include="Ric\uncompr.c">
      <Filter>Ric</Filter>
    </ClCompile>
    <ClCompile Include="Ric\zutil.c">
      <Filter>Ric</Filter>
    </ClCompile>
    <ClCompile Include="Ric\nemardr.cpp">
      <Filter>Ric</Filter>
    </ClCompile>
  </ItemGroup>
  <ItemGroup>
    <ClInclude Include="Shader.h">
      <Filter>Shader Files</Filter>
    </ClInclude>
    <ClInclude Include="MyArray.h">
      <Filter>Header Files</Filter>
    </ClInclude>
    <ClInclude Include="MyMatrix.h">
      <Filter>Header Files</Filter>
    </ClInclude>
    <ClInclude Include="MyString.h">
      <Filter>Header Files</Filter>
    </ClInclude>
    <ClInclude Include="MyTrackBall.h">
      <Filter>Header Files</Filter>
    </ClInclude>
    <ClInclude Include="MyUtility.h">
      <Filter>Header Files</Filter>
    </ClInclude>
    <ClInclude Include="MyVec.h">
      <Filter>Header Files</Filter>
    </ClInclude>
    <ClInclude Include="MyGraphicsTool.h">
      <Filter>Header Files</Filter>
    </ClInclude>
    <ClInclude Include="MyColor4.h">
      <Filter>Header Files</Filter>
    </ClInclude>
    <ClInclude Include="Ric\nifti1.h">
      <Filter>Ric</Filter>
    </ClInclude>
    <ClInclude Include="Ric\nifti1_io.h">
      <Filter>Ric</Filter>
    </ClInclude>
    <ClInclude Include="Ric\RicMatrix.h">
      <Filter>Ric</Filter>
    </ClInclude>
    <ClInclude Include="Ric\RicPoint.h">
      <Filter>Ric</Filter>
    </ClInclude>
    <ClInclude Include="Ric\RicUtil.h">
      <Filter>Ric</Filter>
    </ClInclude>
    <ClInclude Include="Ric\RicVolume.h">
      <Filter>Ric</Filter>
    </ClInclude>
    <ClInclude Include="Ric\RicVolumeSet.h">
      <Filter>Ric</Filter>
    </ClInclude>
    <ClInclude Include="Ric\znzlib.h">
      <Filter>Ric</Filter>
    </ClInclude>
    <ClInclude Include="Ric\crc32.h">
      <Filter>Ric</Filter>
    </ClInclude>
    <ClInclude Include="Ric\deflate.h">
      <Filter>Ric</Filter>
    </ClInclude>
    <ClInclude Include="Ric\inffast.h">
      <Filter>Ric</Filter>
    </ClInclude>
    <ClInclude Include="Ric\inffixed.h">
      <Filter>Ric</Filter>
    </ClInclude>
    <ClInclude Include="Ric\inflate.h">
      <Filter>Ric</Filter>
    </ClInclude>
    <ClInclude Include="Ric\inftrees.h">
      <Filter>Ric</Filter>
    </ClInclude>
    <ClInclude Include="Ric\trees.h">
      <Filter>Ric</Filter>
    </ClInclude>
    <ClInclude Include="Ric\zconf.h">
      <Filter>Ric</Filter>
    </ClInclude>
    <ClInclude Include="Ric\zconf.in.h">
      <Filter>Ric</Filter>
    </ClInclude>
    <ClInclude Include="Ric\zlib.h">
      <Filter>Ric</Filter>
    </ClInclude>
    <ClInclude Include="Ric\zutil.h">
      <Filter>Ric</Filter>
    </ClInclude>
    <ClInclude Include="Ric\nemardr.h">
      <Filter>Ric</Filter>
    </ClInclude>
  </ItemGroup>
  <ItemGroup>
    <None Include="raycasting.vert">
      <Filter>Shader Files</Filter>
    </None>
    <None Include="raycasting.frag">
      <Filter>Shader Files</Filter>
    </None>
  </ItemGroup>
</Project>